
Microsoft Visual Studio Solution File, Format Version 12.00
# Visual Studio Version 16
VisualStudioVersion = 16.0.30011.22
MinimumVisualStudioVersion = 10.0.40219.1
Project("{FAE04EC0-301F-11D3-BF4B-00C04F79EFBC}") = "MegaDesk_Hull", "MegaDesk_Hull.csproj", "{A8F1270B-367B-4696-B5BA-3DF0DC9E281C}"
EndProject
Global
	GlobalSection(SolutionConfigurationPlatforms) = preSolution
		Debug|Any CPU = Debug|Any CPU
		Release|Any CPU = Release|Any CPU
	EndGlobalSection
	GlobalSection(ProjectConfigurationPlatforms) = postSolution
		{A8F1270B-367B-4696-B5BA-3DF0DC9E281C}.Debug|Any CPU.ActiveCfg = Debug|Any CPU
		{A8F1270B-367B-4696-B5BA-3DF0DC9E281C}.Debug|Any CPU.Build.0 = Debug|Any CPU
		{A8F1270B-367B-4696-B5BA-3DF0DC9E281C}.Release|Any CPU.ActiveCfg = Release|Any CPU
		{A8F1270B-367B-4696-B5BA-3DF0DC9E281C}.Release|Any CPU.Build.0 = Release|Any CPU
	EndGlobalSection
	GlobalSection(SolutionProperties) = preSolution
		HideSolutionNode = FALSE
	EndGlobalSection
	GlobalSection(ExtensibilityGlobals) = postSolution
		SolutionGuid = {EE69B15A-7B19-4CD4-BC1B-A998E76CD4F9}
	EndGlobalSection
EndGlobal
